{
  "nodes": {
    "Plugin-hlchunk-nvim": {
      "flake": false,
      "locked": {
        "lastModified": 1727833913,
        "narHash": "sha256-Rx5kpjfpiH9i/IvOXx+wEWSO4gdfmXdhULDxbcBJQAY=",
        "owner": "shellRaining",
        "repo": "hlchunk.nvim",
        "rev": "ba6e2347177fec8ec6af4ae26d11a468c9e0ca72",
        "type": "github"
      },
      "original": {
        "owner": "shellRaining",
        "repo": "hlchunk.nvim",
        "type": "github"
      }
    },
    "Plugin-snipe-nvim": {
      "flake": false,
      "locked": {
        "lastModified": 1729430130,
        "narHash": "sha256-iRAX0xestLjPPP8IMimGJJfNqgQINb5lp6eoi6J+BSQ=",
        "owner": "leath-dub",
        "repo": "snipe.nvim",
        "rev": "4e162869cf0a777180c38afdf18f6364dadf877c",
        "type": "github"
      },
      "original": {
        "owner": "leath-dub",
        "repo": "snipe.nvim",
        "type": "github"
      }
    },
    "Plugin-visual-surround-nvim": {
      "flake": false,
      "locked": {
        "lastModified": 1705254616,
        "narHash": "sha256-662YJiKDrcZvbxx1rLNlBURLrjf+QYDvYEUFbJm70vU=",
        "owner": "NStefan002",
        "repo": "visual-surround.nvim",
        "rev": "ab8b7087793366c000e3b8a7ead6f84bc564347d",
        "type": "github"
      },
      "original": {
        "owner": "NStefan002",
        "repo": "visual-surround.nvim",
        "type": "github"
      }
    },
    "brew-src": {
      "flake": false,
      "locked": {
        "lastModified": 1727016223,
        "narHash": "sha256-iZqd91Cp4O02BU6/eBZ0UZgJN8AlwH+0geQUpqF176E=",
        "owner": "Homebrew",
        "repo": "brew",
        "rev": "916044581862c32fc2365e8e9ff0b1507a98925e",
        "type": "github"
      },
      "original": {
        "owner": "Homebrew",
        "ref": "4.3.24",
        "repo": "brew",
        "type": "github"
      }
    },
    "cachix": {
      "locked": {
        "lastModified": 1635350005,
        "narHash": "sha256-tAMJnUwfaDEB2aa31jGcu7R7bzGELM9noc91L2PbVjg=",
        "owner": "nixos",
        "repo": "nixpkgs",
        "rev": "1c1f5649bb9c1b0d98637c8c365228f57126f361",
        "type": "github"
      },
      "original": {
        "owner": "nixos",
        "ref": "nixos-20.09",
        "repo": "nixpkgs",
        "type": "github"
      }
    },
    "darwin": {
      "inputs": {
        "nixpkgs": [
          "nixpkgs"
        ]
      },
      "locked": {
        "lastModified": 1729826725,
        "narHash": "sha256-w3WNlYxqWYsuzm/jgFPyhncduoDNjot28aC8j39TW0U=",
        "owner": "lnl7",
        "repo": "nix-darwin",
        "rev": "7840909b00fbd5a183008a6eb251ea307fe4a76e",
        "type": "github"
      },
      "original": {
        "owner": "lnl7",
        "repo": "nix-darwin",
        "type": "github"
      }
    },
    "devshell": {
      "inputs": {
        "nixpkgs": [
          "nvim",
          "nixvim",
          "nixpkgs"
        ]
      },
      "locked": {
        "lastModified": 1728330715,
        "narHash": "sha256-xRJ2nPOXb//u1jaBnDP56M7v5ldavjbtR6lfGqSvcKg=",
        "owner": "numtide",
        "repo": "devshell",
        "rev": "dd6b80932022cea34a019e2bb32f6fa9e494dfef",
        "type": "github"
      },
      "original": {
        "owner": "numtide",
        "repo": "devshell",
        "type": "github"
      }
    },
    "disko": {
      "inputs": {
        "nixpkgs": [
          "nixpkgs"
        ]
      },
      "locked": {
        "lastModified": 1729712798,
        "narHash": "sha256-a+Aakkb+amHw4biOZ0iMo8xYl37uUL48YEXIC5PYJ/8=",
        "owner": "nix-community",
        "repo": "disko",
        "rev": "09a776702b004fdf9c41a024e1299d575ee18a7d",
        "type": "github"
      },
      "original": {
        "owner": "nix-community",
        "repo": "disko",
        "type": "github"
      }
    },
    "firefox": {
      "inputs": {
        "cachix": "cachix",
        "flake-compat": "flake-compat",
        "lib-aggregate": "lib-aggregate",
        "mozilla": "mozilla",
        "nixpkgs": [
          "nixpkgs"
        ]
      },
      "locked": {
        "lastModified": 1729855000,
        "narHash": "sha256-6lLCROQndPxoGeiYA+zxXS3kXL5U0aBSu4kceBAuMGc=",
        "owner": "nix-community",
        "repo": "flake-firefox-nightly",
        "rev": "4f63267e66044dc2eba6831ee92abd276b59a459",
        "type": "github"
      },
      "original": {
        "owner": "nix-community",
        "repo": "flake-firefox-nightly",
        "type": "github"
      }
    },
    "flake-compat": {
      "locked": {
        "lastModified": 1717312683,
        "narHash": "sha256-FrlieJH50AuvagamEvWMIE6D2OAnERuDboFDYAED/dE=",
        "owner": "nix-community",
        "repo": "flake-compat",
        "rev": "38fd3954cf65ce6faf3d0d45cd26059e059f07ea",
        "type": "github"
      },
      "original": {
        "owner": "nix-community",
        "repo": "flake-compat",
        "type": "github"
      }
    },
    "flake-compat_2": {
      "locked": {
        "lastModified": 1696426674,
        "narHash": "sha256-kvjfFW7WAETZlt09AgDn1MrtKzP7t90Vf7vypd3OL1U=",
        "rev": "0f9255e01c2351cc7d116c072cb317785dd33b33",
        "revCount": 57,
        "type": "tarball",
        "url": "https://api.flakehub.com/f/pinned/edolstra/flake-compat/1.0.1/018afb31-abd1-7bff-a5e4-cff7e18efb7a/source.tar.gz"
      },
      "original": {
        "type": "tarball",
        "url": "https://flakehub.com/f/edolstra/flake-compat/1.tar.gz"
      }
    },
    "flake-compat_3": {
      "flake": false,
      "locked": {
        "lastModified": 1696426674,
        "narHash": "sha256-kvjfFW7WAETZlt09AgDn1MrtKzP7t90Vf7vypd3OL1U=",
        "owner": "edolstra",
        "repo": "flake-compat",
        "rev": "0f9255e01c2351cc7d116c072cb317785dd33b33",
        "type": "github"
      },
      "original": {
        "owner": "edolstra",
        "repo": "flake-compat",
        "type": "github"
      }
    },
    "flake-parts": {
      "inputs": {
        "nixpkgs-lib": "nixpkgs-lib_2"
      },
      "locked": {
        "lastModified": 1727826117,
        "narHash": "sha256-K5ZLCyfO/Zj9mPFldf3iwS6oZStJcU4tSpiXTMYaaL0=",
        "owner": "hercules-ci",
        "repo": "flake-parts",
        "rev": "3d04084d54bedc3d6b8b736c70ef449225c361b1",
        "type": "github"
      },
      "original": {
        "owner": "hercules-ci",
        "repo": "flake-parts",
        "type": "github"
      }
    },
    "flake-parts_2": {
      "inputs": {
        "nixpkgs-lib": [
          "nvim",
          "nixvim",
          "nixpkgs"
        ]
      },
      "locked": {
        "lastModified": 1727826117,
        "narHash": "sha256-K5ZLCyfO/Zj9mPFldf3iwS6oZStJcU4tSpiXTMYaaL0=",
        "owner": "hercules-ci",
        "repo": "flake-parts",
        "rev": "3d04084d54bedc3d6b8b736c70ef449225c361b1",
        "type": "github"
      },
      "original": {
        "owner": "hercules-ci",
        "repo": "flake-parts",
        "type": "github"
      }
    },
    "flake-utils": {
      "inputs": {
        "systems": "systems"
      },
      "locked": {
        "lastModified": 1726560853,
        "narHash": "sha256-X6rJYSESBVr3hBoH0WbKE5KvhPU5bloyZ2L4K60/fPQ=",
        "owner": "numtide",
        "repo": "flake-utils",
        "rev": "c1dfcf08411b08f6b8615f7d8971a2bfa81d5e8a",
        "type": "github"
      },
      "original": {
        "owner": "numtide",
        "repo": "flake-utils",
        "type": "github"
      }
    },
    "flake-utils_2": {
      "inputs": {
        "systems": "systems_2"
      },
      "locked": {
        "lastModified": 1710146030,
        "narHash": "sha256-SZ5L6eA7HJ/nmkzGG7/ISclqe6oZdOZTNoesiInkXPQ=",
        "owner": "numtide",
        "repo": "flake-utils",
        "rev": "b1d9ab70662946ef0850d488da1c9019f3a9752a",
        "type": "github"
      },
      "original": {
        "owner": "numtide",
        "repo": "flake-utils",
        "type": "github"
      }
    },
    "flake-utils_3": {
      "inputs": {
        "systems": "systems_3"
      },
      "locked": {
        "lastModified": 1726560853,
        "narHash": "sha256-X6rJYSESBVr3hBoH0WbKE5KvhPU5bloyZ2L4K60/fPQ=",
        "owner": "numtide",
        "repo": "flake-utils",
        "rev": "c1dfcf08411b08f6b8615f7d8971a2bfa81d5e8a",
        "type": "github"
      },
      "original": {
        "owner": "numtide",
        "repo": "flake-utils",
        "type": "github"
      }
    },
    "git-hooks": {
      "inputs": {
        "flake-compat": [
          "nvim",
          "nixvim",
          "flake-compat"
        ],
        "gitignore": "gitignore",
        "nixpkgs": [
          "nvim",
          "nixvim",
          "nixpkgs"
        ],
        "nixpkgs-stable": [
          "nvim",
          "nixvim",
          "nixpkgs"
        ]
      },
      "locked": {
        "lastModified": 1729104314,
        "narHash": "sha256-pZRZsq5oCdJt3upZIU4aslS9XwFJ+/nVtALHIciX/BI=",
        "owner": "cachix",
        "repo": "git-hooks.nix",
        "rev": "3c3e88f0f544d6bb54329832616af7eb971b6be6",
        "type": "github"
      },
      "original": {
        "owner": "cachix",
        "repo": "git-hooks.nix",
        "type": "github"
      }
    },
    "gitignore": {
      "inputs": {
        "nixpkgs": [
          "nvim",
          "nixvim",
          "git-hooks",
          "nixpkgs"
        ]
      },
      "locked": {
        "lastModified": 1709087332,
        "narHash": "sha256-HG2cCnktfHsKV0s4XW83gU3F57gaTljL9KNSuG6bnQs=",
        "owner": "hercules-ci",
        "repo": "gitignore.nix",
        "rev": "637db329424fd7e46cf4185293b9cc8c88c95394",
        "type": "github"
      },
      "original": {
        "owner": "hercules-ci",
        "repo": "gitignore.nix",
        "type": "github"
      }
    },
    "gitignore_2": {
      "inputs": {
        "nixpkgs": [
          "pre-commit-hooks",
          "nixpkgs"
        ]
      },
      "locked": {
        "lastModified": 1709087332,
        "narHash": "sha256-HG2cCnktfHsKV0s4XW83gU3F57gaTljL9KNSuG6bnQs=",
        "owner": "hercules-ci",
        "repo": "gitignore.nix",
        "rev": "637db329424fd7e46cf4185293b9cc8c88c95394",
        "type": "github"
      },
      "original": {
        "owner": "hercules-ci",
        "repo": "gitignore.nix",
        "type": "github"
      }
    },
    "home-manager": {
      "inputs": {
        "nixpkgs": [
          "nixpkgs"
        ]
      },
      "locked": {
        "lastModified": 1729864948,
        "narHash": "sha256-CeGSqbN6S8JmzYJX/HqZjr7dMGlvHLLnJJarwB45lPs=",
        "owner": "nix-community",
        "repo": "home-manager",
        "rev": "0c0268a3c80d30b989d0aadbd65f38d4fa27a9a0",
        "type": "github"
      },
      "original": {
        "owner": "nix-community",
        "ref": "master",
        "repo": "home-manager",
        "type": "github"
      }
    },
    "home-manager_2": {
      "inputs": {
        "nixpkgs": [
          "nvim",
          "nixvim",
          "nixpkgs"
        ]
      },
      "locked": {
        "lastModified": 1729716953,
        "narHash": "sha256-FbRKGRRd0amsk/WS/UV9ukJ8jT1dZ2pJBISxkX+uq6A=",
        "owner": "nix-community",
        "repo": "home-manager",
        "rev": "a4353cc43d1b4dd6bdeacea90eb92a8b7b78a9d7",
        "type": "github"
      },
      "original": {
        "owner": "nix-community",
        "repo": "home-manager",
        "type": "github"
      }
    },
    "homebrew-bundle": {
      "flake": false,
      "locked": {
        "lastModified": 1729813700,
        "narHash": "sha256-68IqsMMr9SeuKAvJnU4xh624DgzR5yIcrr1vrz/zto4=",
        "owner": "homebrew",
        "repo": "homebrew-bundle",
        "rev": "bfd6d1882776f0a21cb0bf6ce30386e579581e2d",
        "type": "github"
      },
      "original": {
        "owner": "homebrew",
        "repo": "homebrew-bundle",
        "type": "github"
      }
    },
    "homebrew-cask": {
      "flake": false,
      "locked": {
        "lastModified": 1729875137,
        "narHash": "sha256-pMBZTBRwRkF9HPVUasdEfK9A+iFYXIadSzEXYdgTR/E=",
        "owner": "homebrew",
        "repo": "homebrew-cask",
        "rev": "5df158b98c018541f9c4730ee38f040cf98330d9",
        "type": "github"
      },
      "original": {
        "owner": "homebrew",
        "repo": "homebrew-cask",
        "type": "github"
      }
    },
    "homebrew-core": {
      "flake": false,
      "locked": {
        "lastModified": 1729879154,
        "narHash": "sha256-ED6Qg6nnBqhLd8sWc2mRgYkTKuDZcxoMWaHg9kdttmo=",
        "owner": "homebrew",
        "repo": "homebrew-core",
        "rev": "550d3659776d05d814682db1580b0a5429524039",
        "type": "github"
      },
      "original": {
        "owner": "homebrew",
        "repo": "homebrew-core",
        "type": "github"
      }
    },
    "homebrew-services": {
      "flake": false,
      "locked": {
        "lastModified": 1729872350,
        "narHash": "sha256-YRth9wNyQdV27oFNt9x6AHth5U4NjiZaKWU7XBMjHCo=",
        "owner": "homebrew",
        "repo": "homebrew-services",
        "rev": "a8a57180dee442bedac6f35a08027dec7dccbf04",
        "type": "github"
      },
      "original": {
        "owner": "homebrew",
        "repo": "homebrew-services",
        "type": "github"
      }
    },
    "ixx": {
      "inputs": {
        "flake-utils": [
          "nvim",
          "nixvim",
          "nuschtosSearch",
          "flake-utils"
        ],
        "nixpkgs": [
          "nvim",
          "nixvim",
          "nuschtosSearch",
          "nixpkgs"
        ]
      },
      "locked": {
        "lastModified": 1729544999,
        "narHash": "sha256-YcyJLvTmN6uLEBGCvYoMLwsinblXMkoYkNLEO4WnKus=",
        "owner": "NuschtOS",
        "repo": "ixx",
        "rev": "65c207c92befec93e22086da9456d3906a4e999c",
        "type": "github"
      },
      "original": {
        "owner": "NuschtOS",
        "ref": "v0.0.5",
        "repo": "ixx",
        "type": "github"
      }
    },
    "lib-aggregate": {
      "inputs": {
        "flake-utils": "flake-utils",
        "nixpkgs-lib": "nixpkgs-lib"
      },
      "locked": {
        "lastModified": 1729426412,
        "narHash": "sha256-VGbpECf35W4LtWLfx2+ue8zZEPwKQnadJadlT8E1Ceo=",
        "owner": "nix-community",
        "repo": "lib-aggregate",
        "rev": "736c43de3c953104e1610183d56e90b419c6344e",
        "type": "github"
      },
      "original": {
        "owner": "nix-community",
        "repo": "lib-aggregate",
        "type": "github"
      }
    },
    "libcamera-src": {
      "flake": false,
      "locked": {
        "lastModified": 1725630279,
        "narHash": "sha256-KH30jmHfxXq4j2CL7kv18DYECJRp9ECuWNPnqPZajPA=",
        "owner": "raspberrypi",
        "repo": "libcamera",
        "rev": "69a894c4adad524d3063dd027f5c4774485cf9db",
        "type": "github"
      },
      "original": {
        "owner": "raspberrypi",
        "repo": "libcamera",
        "rev": "69a894c4adad524d3063dd027f5c4774485cf9db",
        "type": "github"
      }
    },
    "libpisp-src": {
      "flake": false,
      "locked": {
        "lastModified": 1724944683,
        "narHash": "sha256-Fo2UJmQHS855YSSKKmGrsQnJzXog1cdpkIOO72yYAM4=",
        "owner": "raspberrypi",
        "repo": "libpisp",
        "rev": "28196ed6edcfeda88d23cc5f213d51aa6fa17bb3",
        "type": "github"
      },
      "original": {
        "owner": "raspberrypi",
        "ref": "v1.0.7",
        "repo": "libpisp",
        "type": "github"
      }
    },
    "mozilla": {
      "flake": false,
      "locked": {
        "lastModified": 1704373101,
        "narHash": "sha256-+gi59LRWRQmwROrmE1E2b3mtocwueCQqZ60CwLG+gbg=",
        "owner": "mozilla",
        "repo": "nixpkgs-mozilla",
        "rev": "9b11a87c0cc54e308fa83aac5b4ee1816d5418a2",
        "type": "github"
      },
      "original": {
        "owner": "mozilla",
        "repo": "nixpkgs-mozilla",
        "type": "github"
      }
    },
    "nix-darwin": {
      "inputs": {
        "nixpkgs": "nixpkgs"
      },
      "locked": {
        "lastModified": 1716329735,
        "narHash": "sha256-ap51w+VqG21vuzyQ04WrhI2YbWHd3UGz0e7dc/QQmoA=",
        "owner": "LnL7",
        "repo": "nix-darwin",
        "rev": "eac4f25028c1975a939c8f8fba95c12f8a25e01c",
        "type": "github"
      },
      "original": {
        "owner": "LnL7",
        "repo": "nix-darwin",
        "type": "github"
      }
    },
    "nix-darwin_2": {
      "inputs": {
        "nixpkgs": [
          "nvim",
          "nixvim",
          "nixpkgs"
        ]
      },
      "locked": {
        "lastModified": 1729757100,
        "narHash": "sha256-x+8uGaX66V5+fUBHY23Q/OQyibQ38nISzxgj7A7Jqds=",
        "owner": "lnl7",
        "repo": "nix-darwin",
        "rev": "04193f188e4144d7047f83ad1de81d6034d175cd",
        "type": "github"
      },
      "original": {
        "owner": "lnl7",
        "repo": "nix-darwin",
        "type": "github"
      }
    },
    "nix-homebrew": {
      "inputs": {
        "brew-src": "brew-src",
        "flake-utils": "flake-utils_2",
        "nix-darwin": "nix-darwin",
        "nixpkgs": [
          "nixpkgs"
        ]
      },
      "locked": {
        "lastModified": 1728153462,
        "narHash": "sha256-jOF15LIzDf7SIkbjzhKq9nlnkS1aFTUCiIo92ipXMY4=",
        "owner": "zhaofengli-wip",
        "repo": "nix-homebrew",
        "rev": "86af3bb8f7d365eb496ef5553646ec2fe06a3662",
        "type": "github"
      },
      "original": {
        "owner": "zhaofengli-wip",
        "repo": "nix-homebrew",
        "type": "github"
      }
    },
    "nix-index-database": {
      "inputs": {
        "nixpkgs": [
          "nixpkgs"
        ]
      },
      "locked": {
        "lastModified": 1729394935,
        "narHash": "sha256-2ntUG+NJKdfhlrh/tF+jOU0fOesO7lm5ZZVSYitsvH8=",
        "owner": "nix-community",
        "repo": "nix-index-database",
        "rev": "04f8a11f247ba00263b060fbcdc95484fd046104",
        "type": "github"
      },
      "original": {
        "owner": "nix-community",
        "repo": "nix-index-database",
        "type": "github"
      }
    },
    "nixpkgs": {
      "locked": {
        "lastModified": 1687274257,
        "narHash": "sha256-TutzPriQcZ8FghDhEolnHcYU2oHIG5XWF+/SUBNnAOE=",
        "path": "/nix/store/22qgs3skscd9bmrxv9xv4q5d4wwm5ppx-source",
        "rev": "2c9ecd1f0400076a4d6b2193ad468ff0a7e7fdc5",
        "type": "path"
      },
      "original": {
        "id": "nixpkgs",
        "type": "indirect"
      }
    },
    "nixpkgs-lib": {
      "locked": {
        "lastModified": 1729386149,
        "narHash": "sha256-hUP9oxmnOmNnKcDOf5Y55HQ+NnoT0+bLWHLQWLLw9Ks=",
        "owner": "nix-community",
        "repo": "nixpkgs.lib",
        "rev": "cce4521b6df014e79a7b7afc58c703ed683c916e",
        "type": "github"
      },
      "original": {
        "owner": "nix-community",
        "repo": "nixpkgs.lib",
        "type": "github"
      }
    },
    "nixpkgs-lib_2": {
      "locked": {
        "lastModified": 1727825735,
        "narHash": "sha256-0xHYkMkeLVQAMa7gvkddbPqpxph+hDzdu1XdGPJR+Os=",
        "type": "tarball",
        "url": "https://github.com/NixOS/nixpkgs/archive/fb192fec7cc7a4c26d51779e9bab07ce6fa5597a.tar.gz"
      },
      "original": {
        "type": "tarball",
        "url": "https://github.com/NixOS/nixpkgs/archive/fb192fec7cc7a4c26d51779e9bab07ce6fa5597a.tar.gz"
      }
    },
    "nixpkgs-stable": {
      "locked": {
        "lastModified": 1720386169,
        "narHash": "sha256-NGKVY4PjzwAa4upkGtAMz1npHGoRzWotlSnVlqI40mo=",
        "owner": "NixOS",
        "repo": "nixpkgs",
        "rev": "194846768975b7ad2c4988bdb82572c00222c0d7",
        "type": "github"
      },
      "original": {
        "owner": "NixOS",
        "ref": "nixos-24.05",
        "repo": "nixpkgs",
        "type": "github"
      }
    },
    "nixpkgs-stable_2": {
      "locked": {
        "lastModified": 1729357638,
        "narHash": "sha256-66RHecx+zohbZwJVEPF7uuwHeqf8rykZTMCTqIrOew4=",
        "owner": "NixOS",
        "repo": "nixpkgs",
        "rev": "bb8c2cf7ea0dd2e18a52746b2c3a5b0c73b93c22",
        "type": "github"
      },
      "original": {
        "owner": "NixOS",
        "ref": "release-24.05",
        "repo": "nixpkgs",
        "type": "github"
      }
    },
    "nixpkgs_2": {
      "locked": {
        "lastModified": 1729850857,
        "narHash": "sha256-WvLXzNNnnw+qpFOmgaM3JUlNEH+T4s22b5i2oyyCpXE=",
        "owner": "nixos",
        "repo": "nixpkgs",
        "rev": "41dea55321e5a999b17033296ac05fe8a8b5a257",
        "type": "github"
      },
      "original": {
        "owner": "nixos",
        "ref": "nixpkgs-unstable",
        "repo": "nixpkgs",
        "type": "github"
      }
    },
    "nixvim": {
      "inputs": {
        "devshell": "devshell",
        "flake-compat": "flake-compat_2",
        "flake-parts": "flake-parts_2",
        "git-hooks": "git-hooks",
        "home-manager": "home-manager_2",
        "nix-darwin": "nix-darwin_2",
        "nixpkgs": [
          "nvim",
          "nixpkgs"
        ],
        "nuschtosSearch": "nuschtosSearch",
        "treefmt-nix": "treefmt-nix"
      },
      "locked": {
        "lastModified": 1729791159,
        "narHash": "sha256-i5TKYCs9tJ2qaYTsjQh3WwExmj4O0EU+L1jq6ZBVMfM=",
        "owner": "nix-community",
        "repo": "nixvim",
        "rev": "4726334e4413ff55f1db3768c8d08722abbf09cf",
        "type": "github"
      },
      "original": {
        "owner": "nix-community",
        "repo": "nixvim",
        "type": "github"
      }
    },
    "nuschtosSearch": {
      "inputs": {
        "flake-utils": "flake-utils_3",
        "ixx": "ixx",
        "nixpkgs": [
          "nvim",
          "nixvim",
          "nixpkgs"
        ]
      },
      "locked": {
        "lastModified": 1729763753,
        "narHash": "sha256-M8WAUgKFBU5TvFt92g/dHBtGJmBP33LHird+solHt0g=",
        "owner": "NuschtOS",
        "repo": "search",
        "rev": "bedc2f2ada220815a98a896e10f5e61bfc329bfc",
        "type": "github"
      },
      "original": {
        "owner": "NuschtOS",
        "repo": "search",
        "type": "github"
      }
    },
    "nvim": {
      "inputs": {
        "Plugin-hlchunk-nvim": "Plugin-hlchunk-nvim",
        "Plugin-snipe-nvim": "Plugin-snipe-nvim",
        "Plugin-visual-surround-nvim": "Plugin-visual-surround-nvim",
        "flake-parts": "flake-parts",
        "nixpkgs": [
          "nixpkgs"
        ],
        "nixvim": "nixvim",
        "pre-commit-hooks": [
          "pre-commit-hooks"
        ]
      },
      "locked": {
        "lastModified": 1729795257,
        "narHash": "sha256-65A6+ucUh4tacS8Lj56GXLeeO5AgqLWSXy8gxqBQqLI=",
        "owner": "vijayakumarravi",
        "repo": "vjvim",
        "rev": "ac1bb38932a5ea086ca63af92214debe211e1e96",
        "type": "github"
      },
      "original": {
        "owner": "vijayakumarravi",
        "repo": "vjvim",
        "type": "github"
      }
    },
    "pre-commit-hooks": {
      "inputs": {
        "flake-compat": "flake-compat_3",
        "gitignore": "gitignore_2",
        "nixpkgs": [
          "nixpkgs"
        ],
        "nixpkgs-stable": "nixpkgs-stable"
      },
      "locked": {
        "lastModified": 1729104314,
        "narHash": "sha256-pZRZsq5oCdJt3upZIU4aslS9XwFJ+/nVtALHIciX/BI=",
        "owner": "cachix",
        "repo": "pre-commit-hooks.nix",
        "rev": "3c3e88f0f544d6bb54329832616af7eb971b6be6",
        "type": "github"
      },
      "original": {
        "owner": "cachix",
        "repo": "pre-commit-hooks.nix",
        "type": "github"
      }
    },
    "raspberry-pi-nix": {
      "inputs": {
        "libcamera-src": "libcamera-src",
        "libpisp-src": "libpisp-src",
        "nixpkgs": [
          "nixpkgs"
        ],
        "rpi-bluez-firmware-src": "rpi-bluez-firmware-src",
        "rpi-firmware-nonfree-src": "rpi-firmware-nonfree-src",
        "rpi-firmware-src": "rpi-firmware-src",
        "rpi-linux-6_10_12-src": "rpi-linux-6_10_12-src",
        "rpi-linux-6_6_54-src": "rpi-linux-6_6_54-src",
        "rpicam-apps-src": "rpicam-apps-src",
        "u-boot-src": "u-boot-src"
      },
      "locked": {
        "lastModified": 1729460856,
        "narHash": "sha256-D/zTVmEcwle8Z09r6/vhAe4BmmPS2uPhY4i3wkRdDOs=",
        "owner": "nix-community",
        "repo": "raspberry-pi-nix",
        "rev": "db08995cd65ff26ec3aef48f80bfa964e623c46a",
        "type": "github"
      },
      "original": {
        "owner": "nix-community",
        "repo": "raspberry-pi-nix",
        "type": "github"
      }
    },
    "root": {
      "inputs": {
        "darwin": "darwin",
        "disko": "disko",
        "firefox": "firefox",
        "home-manager": "home-manager",
        "homebrew-bundle": "homebrew-bundle",
        "homebrew-cask": "homebrew-cask",
        "homebrew-core": "homebrew-core",
        "homebrew-services": "homebrew-services",
        "nix-homebrew": "nix-homebrew",
        "nix-index-database": "nix-index-database",
        "nixpkgs": "nixpkgs_2",
        "nvim": "nvim",
        "pre-commit-hooks": "pre-commit-hooks",
        "raspberry-pi-nix": "raspberry-pi-nix",
        "sops-nix": "sops-nix"
      }
    },
    "rpi-bluez-firmware-src": {
      "flake": false,
      "locked": {
        "lastModified": 1708969706,
        "narHash": "sha256-KakKnOBeWxh0exu44beZ7cbr5ni4RA9vkWYb9sGMb8Q=",
        "owner": "RPi-Distro",
        "repo": "bluez-firmware",
        "rev": "78d6a07730e2d20c035899521ab67726dc028e1c",
        "type": "github"
      },
      "original": {
        "owner": "RPi-Distro",
        "ref": "bookworm",
        "repo": "bluez-firmware",
        "type": "github"
      }
    },
    "rpi-firmware-nonfree-src": {
      "flake": false,
      "locked": {
        "lastModified": 1723266537,
        "narHash": "sha256-T7eTKXqY9cxEMdab8Snda4CEOrEihy5uOhA6Fy+Mhnw=",
        "owner": "RPi-Distro",
        "repo": "firmware-nonfree",
        "rev": "4b356e134e8333d073bd3802d767a825adec3807",
        "type": "github"
      },
      "original": {
        "owner": "RPi-Distro",
        "ref": "bookworm",
        "repo": "firmware-nonfree",
        "type": "github"
      }
    },
    "rpi-firmware-src": {
      "flake": false,
      "locked": {
        "lastModified": 1727798811,
        "narHash": "sha256-eavbshXGYmkYR33y9FLcQMJoAYdYTESVEy0g/RRXnb0=",
        "owner": "raspberrypi",
        "repo": "firmware",
        "rev": "287e6a6c2d3b50eee3e2c5b2eacdd907e5cbe09a",
        "type": "github"
      },
      "original": {
        "owner": "raspberrypi",
        "ref": "1.20241001",
        "repo": "firmware",
        "type": "github"
      }
    },
    "rpi-linux-6_10_12-src": {
      "flake": false,
      "locked": {
        "lastModified": 1728305462,
        "narHash": "sha256-LtvNmGD1D5YYv+C9xxxddAeHw69o3OX/H9M7F663L74=",
        "owner": "raspberrypi",
        "repo": "linux",
        "rev": "26ee50d56618c2d98100b1bc672fd201aed4d00f",
        "type": "github"
      },
      "original": {
        "owner": "raspberrypi",
        "ref": "rpi-6.10.y",
        "repo": "linux",
        "type": "github"
      }
    },
    "rpi-linux-6_6_54-src": {
      "flake": false,
      "locked": {
        "lastModified": 1728155174,
        "narHash": "sha256-/8RjW35XQMnshjAE4Ey8j3oWzE2GOntnBYY6PlvZGhs=",
        "owner": "raspberrypi",
        "repo": "linux",
        "rev": "12f0f28db3afe451a81a34c5a444f6841c10067c",
        "type": "github"
      },
      "original": {
        "owner": "raspberrypi",
        "ref": "rpi-6.6.y",
        "repo": "linux",
        "type": "github"
      }
    },
    "rpicam-apps-src": {
      "flake": false,
      "locked": {
        "lastModified": 1727515047,
        "narHash": "sha256-qCYGrcibOeGztxf+sd44lD6VAOGoUNwRqZDdAmcTa/U=",
        "owner": "raspberrypi",
        "repo": "rpicam-apps",
        "rev": "a8ccf9f3cd9df49875dfb834a2b490d41d226031",
        "type": "github"
      },
      "original": {
        "owner": "raspberrypi",
        "ref": "v1.5.2",
        "repo": "rpicam-apps",
        "type": "github"
      }
    },
    "sops-nix": {
      "inputs": {
        "nixpkgs": [
          "nixpkgs"
        ],
        "nixpkgs-stable": "nixpkgs-stable_2"
      },
      "locked": {
        "lastModified": 1729775275,
        "narHash": "sha256-J2vtHq9sw1wWm0aTMXpEEAzsVCUMZDTEe5kiBYccpLE=",
        "owner": "mic92",
        "repo": "sops-nix",
        "rev": "78a0e634fc8981d6b564f08b6715c69a755c4c7d",
        "type": "github"
      },
      "original": {
        "owner": "mic92",
        "repo": "sops-nix",
        "type": "github"
      }
    },
    "systems": {
      "locked": {
        "lastModified": 1681028828,
        "narHash": "sha256-Vy1rq5AaRuLzOxct8nz4T6wlgyUR7zLU309k9mBC768=",
        "owner": "nix-systems",
        "repo": "default",
        "rev": "da67096a3b9bf56a91d16901293e51ba5b49a27e",
        "type": "github"
      },
      "original": {
        "owner": "nix-systems",
        "repo": "default",
        "type": "github"
      }
    },
    "systems_2": {
      "locked": {
        "lastModified": 1681028828,
        "narHash": "sha256-Vy1rq5AaRuLzOxct8nz4T6wlgyUR7zLU309k9mBC768=",
        "owner": "nix-systems",
        "repo": "default",
        "rev": "da67096a3b9bf56a91d16901293e51ba5b49a27e",
        "type": "github"
      },
      "original": {
        "owner": "nix-systems",
        "repo": "default",
        "type": "github"
      }
    },
    "systems_3": {
      "locked": {
        "lastModified": 1681028828,
        "narHash": "sha256-Vy1rq5AaRuLzOxct8nz4T6wlgyUR7zLU309k9mBC768=",
        "owner": "nix-systems",
        "repo": "default",
        "rev": "da67096a3b9bf56a91d16901293e51ba5b49a27e",
        "type": "github"
      },
      "original": {
        "owner": "nix-systems",
        "repo": "default",
        "type": "github"
      }
    },
    "treefmt-nix": {
      "inputs": {
        "nixpkgs": [
          "nvim",
          "nixvim",
          "nixpkgs"
        ]
      },
      "locked": {
        "lastModified": 1729613947,
        "narHash": "sha256-XGOvuIPW1XRfPgHtGYXd5MAmJzZtOuwlfKDgxX5KT3s=",
        "owner": "numtide",
        "repo": "treefmt-nix",
        "rev": "aac86347fb5063960eccb19493e0cadcdb4205ca",
        "type": "github"
      },
      "original": {
        "owner": "numtide",
        "repo": "treefmt-nix",
        "type": "github"
      }
    },
    "u-boot-src": {
      "flake": false,
      "locked": {
        "lastModified": 1719857238,
        "narHash": "sha256-mJ2TBy0Y5ZtcGFgtU5RKr0UDUp5FWzojbFb+o/ebRJU=",
        "type": "tarball",
        "url": "https://ftp.denx.de/pub/u-boot/u-boot-2024.07.tar.bz2"
      },
      "original": {
        "type": "tarball",
        "url": "https://ftp.denx.de/pub/u-boot/u-boot-2024.07.tar.bz2"
      }
    }
  },
  "root": "root",
  "version": 7
}
