{
  "nodes": {
    "brew-src": {
      "flake": false,
      "locked": {
        "lastModified": 1748148946,
        "narHash": "sha256-srnyYAqGD27NeBDaEU3hchJdkeOQ2vRe3kWurihFYT8=",
        "owner": "Homebrew",
        "repo": "brew",
        "rev": "dc0f9d50fd170492a33fd7234d06de1b94df363c",
        "type": "github"
      },
      "original": {
        "owner": "Homebrew",
        "ref": "4.5.3",
        "repo": "brew",
        "type": "github"
      }
    },
    "darwin": {
      "inputs": {
        "nixpkgs": [
          "nixpkgs"
        ]
      },
      "locked": {
        "lastModified": 1748352827,
        "narHash": "sha256-sNUUP6qxGkK9hXgJ+p362dtWLgnIWwOCmiq72LAWtYo=",
        "owner": "lnl7",
        "repo": "nix-darwin",
        "rev": "44a7d0e687a87b73facfe94fba78d323a6686a90",
        "type": "github"
      },
      "original": {
        "owner": "lnl7",
        "repo": "nix-darwin",
        "type": "github"
      }
    },
    "disko": {
      "inputs": {
        "nixpkgs": [
          "nixpkgs"
        ]
      },
      "locked": {
        "lastModified": 1748225455,
        "narHash": "sha256-AzlJCKaM4wbEyEpV3I/PUq5mHnib2ryEy32c+qfj6xk=",
        "owner": "nix-community",
        "repo": "disko",
        "rev": "a894f2811e1ee8d10c50560551e50d6ab3c392ba",
        "type": "github"
      },
      "original": {
        "owner": "nix-community",
        "repo": "disko",
        "type": "github"
      }
    },
    "firefox": {
      "inputs": {
        "flake-compat": "flake-compat",
        "lib-aggregate": "lib-aggregate",
        "nixpkgs": [
          "nixpkgs"
        ]
      },
      "locked": {
        "lastModified": 1748694827,
        "narHash": "sha256-j5QyBgfSm1zo8vTtCRuHZ+ruLmWS5D47M3Xx7afPJaQ=",
        "owner": "nix-community",
        "repo": "flake-firefox-nightly",
        "rev": "1b9903ec052dc79ce05ed201117f6fb673207142",
        "type": "github"
      },
      "original": {
        "owner": "nix-community",
        "repo": "flake-firefox-nightly",
        "type": "github"
      }
    },
    "flake-compat": {
      "locked": {
        "lastModified": 1746162366,
        "narHash": "sha256-5SSSZ/oQkwfcAz/o/6TlejlVGqeK08wyREBQ5qFFPhM=",
        "owner": "nix-community",
        "repo": "flake-compat",
        "rev": "0f158086a2ecdbb138cd0429410e44994f1b7e4b",
        "type": "github"
      },
      "original": {
        "owner": "nix-community",
        "repo": "flake-compat",
        "type": "github"
      }
    },
    "flake-compat_2": {
      "flake": false,
      "locked": {
        "lastModified": 1696426674,
        "narHash": "sha256-kvjfFW7WAETZlt09AgDn1MrtKzP7t90Vf7vypd3OL1U=",
        "owner": "edolstra",
        "repo": "flake-compat",
        "rev": "0f9255e01c2351cc7d116c072cb317785dd33b33",
        "type": "github"
      },
      "original": {
        "owner": "edolstra",
        "repo": "flake-compat",
        "type": "github"
      }
    },
    "flake-parts": {
      "inputs": {
        "nixpkgs-lib": "nixpkgs-lib_2"
      },
      "locked": {
        "lastModified": 1743550720,
        "narHash": "sha256-hIshGgKZCgWh6AYJpJmRgFdR3WUbkY04o82X05xqQiY=",
        "owner": "hercules-ci",
        "repo": "flake-parts",
        "rev": "c621e8422220273271f52058f618c94e405bb0f5",
        "type": "github"
      },
      "original": {
        "owner": "hercules-ci",
        "repo": "flake-parts",
        "type": "github"
      }
    },
    "flake-parts_2": {
      "inputs": {
        "nixpkgs-lib": [
          "nvim",
          "nixvim",
          "nixpkgs"
        ]
      },
      "locked": {
        "lastModified": 1743550720,
        "narHash": "sha256-hIshGgKZCgWh6AYJpJmRgFdR3WUbkY04o82X05xqQiY=",
        "owner": "hercules-ci",
        "repo": "flake-parts",
        "rev": "c621e8422220273271f52058f618c94e405bb0f5",
        "type": "github"
      },
      "original": {
        "owner": "hercules-ci",
        "repo": "flake-parts",
        "type": "github"
      }
    },
    "flake-parts_3": {
      "inputs": {
        "nixpkgs-lib": "nixpkgs-lib_3"
      },
      "locked": {
        "lastModified": 1743550720,
        "narHash": "sha256-hIshGgKZCgWh6AYJpJmRgFdR3WUbkY04o82X05xqQiY=",
        "owner": "hercules-ci",
        "repo": "flake-parts",
        "rev": "c621e8422220273271f52058f618c94e405bb0f5",
        "type": "github"
      },
      "original": {
        "owner": "hercules-ci",
        "repo": "flake-parts",
        "type": "github"
      }
    },
    "flake-utils": {
      "inputs": {
        "systems": "systems"
      },
      "locked": {
        "lastModified": 1731533236,
        "narHash": "sha256-l0KFg5HjrsfsO/JpG+r7fRrqm12kzFHyUHqHCVpMMbI=",
        "owner": "numtide",
        "repo": "flake-utils",
        "rev": "11707dc2f618dd54ca8739b309ec4fc024de578b",
        "type": "github"
      },
      "original": {
        "owner": "numtide",
        "repo": "flake-utils",
        "type": "github"
      }
    },
    "flake-utils_2": {
      "inputs": {
        "systems": "systems_2"
      },
      "locked": {
        "lastModified": 1731533236,
        "narHash": "sha256-l0KFg5HjrsfsO/JpG+r7fRrqm12kzFHyUHqHCVpMMbI=",
        "owner": "numtide",
        "repo": "flake-utils",
        "rev": "11707dc2f618dd54ca8739b309ec4fc024de578b",
        "type": "github"
      },
      "original": {
        "owner": "numtide",
        "repo": "flake-utils",
        "type": "github"
      }
    },
    "gitignore": {
      "inputs": {
        "nixpkgs": [
          "pre-commit-hooks",
          "nixpkgs"
        ]
      },
      "locked": {
        "lastModified": 1709087332,
        "narHash": "sha256-HG2cCnktfHsKV0s4XW83gU3F57gaTljL9KNSuG6bnQs=",
        "owner": "hercules-ci",
        "repo": "gitignore.nix",
        "rev": "637db329424fd7e46cf4185293b9cc8c88c95394",
        "type": "github"
      },
      "original": {
        "owner": "hercules-ci",
        "repo": "gitignore.nix",
        "type": "github"
      }
    },
    "home-manager": {
      "inputs": {
        "nixpkgs": [
          "nixpkgs"
        ]
      },
      "locked": {
        "lastModified": 1748668774,
        "narHash": "sha256-fYk/vk4ClmvHIgnGv/5GNRiDLtNCwXo9aLq36L/x+P4=",
        "owner": "nix-community",
        "repo": "home-manager",
        "rev": "60e4624302d956fe94d3f7d96a560d14d70591b9",
        "type": "github"
      },
      "original": {
        "owner": "nix-community",
        "ref": "master",
        "repo": "home-manager",
        "type": "github"
      }
    },
    "homebrew-bundle": {
      "flake": false,
      "locked": {
        "lastModified": 1745335228,
        "narHash": "sha256-TIKR2UgtyUmHLNZp255/vLs+1I10hXe+sciMEbAGFwE=",
        "owner": "homebrew",
        "repo": "homebrew-bundle",
        "rev": "a3265c84b232e13048ecbf6fc18a2eedfadbeb08",
        "type": "github"
      },
      "original": {
        "owner": "homebrew",
        "repo": "homebrew-bundle",
        "type": "github"
      }
    },
    "homebrew-cask": {
      "flake": false,
      "locked": {
        "lastModified": 1748718326,
        "narHash": "sha256-aQz8cG1RbDbYCl18QdxYJ3JfeAvEP+wMr74jH20gt2k=",
        "owner": "homebrew",
        "repo": "homebrew-cask",
        "rev": "9c1c84e3a34c23899568159e2f84267c6b57807b",
        "type": "github"
      },
      "original": {
        "owner": "homebrew",
        "repo": "homebrew-cask",
        "type": "github"
      }
    },
    "homebrew-core": {
      "flake": false,
      "locked": {
        "lastModified": 1748715861,
        "narHash": "sha256-TY+iVzr2mj/l8sfVBglZHdr3ytmEzPdchDwBx3PjKlo=",
        "owner": "homebrew",
        "repo": "homebrew-core",
        "rev": "5f7d594e452e915d1bde007dbc5b3c680414da74",
        "type": "github"
      },
      "original": {
        "owner": "homebrew",
        "repo": "homebrew-core",
        "type": "github"
      }
    },
    "homebrew-services": {
      "flake": false,
      "locked": {
        "lastModified": 1742475690,
        "narHash": "sha256-qg3/+iHtnFe6VxGapisTatGnoH0XG4BnWWqwwzWYzk0=",
        "owner": "homebrew",
        "repo": "homebrew-services",
        "rev": "2c294ab9515576d961cea28c93148c6452db2def",
        "type": "github"
      },
      "original": {
        "owner": "homebrew",
        "repo": "homebrew-services",
        "type": "github"
      }
    },
    "homebrew-vijay": {
      "flake": false,
      "locked": {
        "lastModified": 1734037452,
        "narHash": "sha256-dJOusLLl9Aij1U9vLNiKBIYzYk4ZFdDRVMVhMoWl54c=",
        "owner": "VijayakumarRavi",
        "repo": "packages",
        "rev": "46922c1747de6207755491e6959144d5018b69fa",
        "type": "github"
      },
      "original": {
        "owner": "VijayakumarRavi",
        "repo": "packages",
        "type": "github"
      }
    },
    "ixx": {
      "inputs": {
        "flake-utils": [
          "nvim",
          "nixvim",
          "nuschtosSearch",
          "flake-utils"
        ],
        "nixpkgs": [
          "nvim",
          "nixvim",
          "nuschtosSearch",
          "nixpkgs"
        ]
      },
      "locked": {
        "lastModified": 1729958008,
        "narHash": "sha256-EiOq8jF4Z/zQe0QYVc3+qSKxRK//CFHMB84aYrYGwEs=",
        "owner": "NuschtOS",
        "repo": "ixx",
        "rev": "9fd01aad037f345350eab2cd45e1946cc66da4eb",
        "type": "github"
      },
      "original": {
        "owner": "NuschtOS",
        "ref": "v0.0.6",
        "repo": "ixx",
        "type": "github"
      }
    },
    "lib-aggregate": {
      "inputs": {
        "flake-utils": "flake-utils",
        "nixpkgs-lib": "nixpkgs-lib"
      },
      "locked": {
        "lastModified": 1748175247,
        "narHash": "sha256-DC7TFJEYd/bYhom92xFOOGD81IX3t4IetUbBEBD3kmc=",
        "owner": "nix-community",
        "repo": "lib-aggregate",
        "rev": "39c611b62ce2e7fa0809593a7f993a8e72d67ce0",
        "type": "github"
      },
      "original": {
        "owner": "nix-community",
        "repo": "lib-aggregate",
        "type": "github"
      }
    },
    "libcamera-src": {
      "flake": false,
      "locked": {
        "lastModified": 1725630279,
        "narHash": "sha256-KH30jmHfxXq4j2CL7kv18DYECJRp9ECuWNPnqPZajPA=",
        "owner": "raspberrypi",
        "repo": "libcamera",
        "rev": "69a894c4adad524d3063dd027f5c4774485cf9db",
        "type": "github"
      },
      "original": {
        "owner": "raspberrypi",
        "repo": "libcamera",
        "rev": "69a894c4adad524d3063dd027f5c4774485cf9db",
        "type": "github"
      }
    },
    "libpisp-src": {
      "flake": false,
      "locked": {
        "lastModified": 1724944683,
        "narHash": "sha256-Fo2UJmQHS855YSSKKmGrsQnJzXog1cdpkIOO72yYAM4=",
        "owner": "raspberrypi",
        "repo": "libpisp",
        "rev": "28196ed6edcfeda88d23cc5f213d51aa6fa17bb3",
        "type": "github"
      },
      "original": {
        "owner": "raspberrypi",
        "ref": "v1.0.7",
        "repo": "libpisp",
        "type": "github"
      }
    },
    "nix-homebrew": {
      "inputs": {
        "brew-src": "brew-src"
      },
      "locked": {
        "lastModified": 1748379893,
        "narHash": "sha256-7zvNSdEA4KhKA3vosAU3QdzGgSBKxTR2iUEredA8tLc=",
        "owner": "zhaofengli-wip",
        "repo": "nix-homebrew",
        "rev": "77517445732b9ae0b413e4580b1c8e88f804da1c",
        "type": "github"
      },
      "original": {
        "owner": "zhaofengli-wip",
        "repo": "nix-homebrew",
        "type": "github"
      }
    },
    "nix-index-database": {
      "inputs": {
        "nixpkgs": [
          "nixpkgs"
        ]
      },
      "locked": {
        "lastModified": 1748145500,
        "narHash": "sha256-t9fx0l61WOxtWxXCqlXPWSuG/0XMF9DtE2T7KXgMqJw=",
        "owner": "nix-community",
        "repo": "nix-index-database",
        "rev": "a98adbf54d663395df0b9929f6481d4d80fc8927",
        "type": "github"
      },
      "original": {
        "owner": "nix-community",
        "repo": "nix-index-database",
        "type": "github"
      }
    },
    "nixpkgs": {
      "locked": {
        "lastModified": 1748601998,
        "narHash": "sha256-XbIdzeWUL6Htz3/EbeyY71qMxYizMUWYltWYGg6qfcI=",
        "owner": "nixos",
        "repo": "nixpkgs",
        "rev": "8ca7ec685bbee55d6dcb326abe23945c0806c39e",
        "type": "github"
      },
      "original": {
        "owner": "nixos",
        "ref": "nixpkgs-unstable",
        "repo": "nixpkgs",
        "type": "github"
      }
    },
    "nixpkgs-lib": {
      "locked": {
        "lastModified": 1748135671,
        "narHash": "sha256-PIkcBpddXRAGWstWV7zTwRZ9EAPqgzFNssux17p1NTg=",
        "owner": "nix-community",
        "repo": "nixpkgs.lib",
        "rev": "6194ba204e5b188965da97ebb16e05191e560427",
        "type": "github"
      },
      "original": {
        "owner": "nix-community",
        "repo": "nixpkgs.lib",
        "type": "github"
      }
    },
    "nixpkgs-lib_2": {
      "locked": {
        "lastModified": 1743296961,
        "narHash": "sha256-b1EdN3cULCqtorQ4QeWgLMrd5ZGOjLSLemfa00heasc=",
        "owner": "nix-community",
        "repo": "nixpkgs.lib",
        "rev": "e4822aea2a6d1cdd36653c134cacfd64c97ff4fa",
        "type": "github"
      },
      "original": {
        "owner": "nix-community",
        "repo": "nixpkgs.lib",
        "type": "github"
      }
    },
    "nixpkgs-lib_3": {
      "locked": {
        "lastModified": 1743296961,
        "narHash": "sha256-b1EdN3cULCqtorQ4QeWgLMrd5ZGOjLSLemfa00heasc=",
        "owner": "nix-community",
        "repo": "nixpkgs.lib",
        "rev": "e4822aea2a6d1cdd36653c134cacfd64c97ff4fa",
        "type": "github"
      },
      "original": {
        "owner": "nix-community",
        "repo": "nixpkgs.lib",
        "type": "github"
      }
    },
    "nixpkgs_2": {
      "locked": {
        "lastModified": 1736061677,
        "narHash": "sha256-DjkQPnkAfd7eB522PwnkGhOMuT9QVCZspDpJJYyOj60=",
        "owner": "NixOS",
        "repo": "nixpkgs",
        "rev": "cbd8ec4de4469333c82ff40d057350c30e9f7d36",
        "type": "github"
      },
      "original": {
        "owner": "NixOS",
        "ref": "nixos-24.11",
        "repo": "nixpkgs",
        "type": "github"
      }
    },
    "nixvim": {
      "inputs": {
        "flake-parts": "flake-parts_2",
        "nixpkgs": [
          "nvim",
          "nixpkgs"
        ],
        "nuschtosSearch": "nuschtosSearch"
      },
      "locked": {
        "lastModified": 1743598191,
        "narHash": "sha256-30aI8rWjX64E9vIlE4iqgQguTjItvTnQLTqHtFppF/w=",
        "owner": "nix-community",
        "repo": "nixvim",
        "rev": "a183298bf67307bdb7a25a2a3c565e76029f1b9e",
        "type": "github"
      },
      "original": {
        "owner": "nix-community",
        "repo": "nixvim",
        "type": "github"
      }
    },
    "nuschtosSearch": {
      "inputs": {
        "flake-utils": "flake-utils_2",
        "ixx": "ixx",
        "nixpkgs": [
          "nvim",
          "nixvim",
          "nixpkgs"
        ]
      },
      "locked": {
        "lastModified": 1743201766,
        "narHash": "sha256-bb/dqoIjtIWtJRzASOe8g4m8W2jUIWtuoGPXdNjM/Tk=",
        "owner": "NuschtOS",
        "repo": "search",
        "rev": "2651dbfad93d6ef66c440cbbf23238938b187bde",
        "type": "github"
      },
      "original": {
        "owner": "NuschtOS",
        "repo": "search",
        "type": "github"
      }
    },
    "nvim": {
      "inputs": {
        "flake-parts": "flake-parts",
        "nixpkgs": [
          "nixpkgs"
        ],
        "nixvim": "nixvim",
        "plugin-copilot-vim": "plugin-copilot-vim",
        "plugin-hlchunk-nvim": "plugin-hlchunk-nvim",
        "plugin-snipe-nvim": "plugin-snipe-nvim",
        "plugin-suda-vim": "plugin-suda-vim",
        "plugin-visual-surround-nvim": "plugin-visual-surround-nvim",
        "pre-commit-hooks": [
          "pre-commit-hooks"
        ]
      },
      "locked": {
        "lastModified": 1743705741,
        "narHash": "sha256-wsGCpF1emchN8392OzIia0SvS0mxrB86Q1A2gwS5pqA=",
        "owner": "vijayakumarravi",
        "repo": "vjvim",
        "rev": "5764743750202bb5039900547fa8ddcb2a00f8b8",
        "type": "github"
      },
      "original": {
        "owner": "vijayakumarravi",
        "repo": "vjvim",
        "type": "github"
      }
    },
    "plugin-copilot-vim": {
      "flake": false,
      "locked": {
        "lastModified": 1742848425,
        "narHash": "sha256-1l8BU7gwBVHy6DrXijq82fzR7aVWe7zEIsOOUPxRpyQ=",
        "owner": "github",
        "repo": "copilot.vim",
        "rev": "a9228e015528c9307890c48083c925eb98a64a79",
        "type": "github"
      },
      "original": {
        "owner": "github",
        "repo": "copilot.vim",
        "type": "github"
      }
    },
    "plugin-hlchunk-nvim": {
      "flake": false,
      "locked": {
        "lastModified": 1732349755,
        "narHash": "sha256-f5VVfpfVZk6ULBWVSVEzXBN9F4ROTzhomV1F2mKIem4=",
        "owner": "shellRaining",
        "repo": "hlchunk.nvim",
        "rev": "5465dd33ade8676d63f6e8493252283060cd72ca",
        "type": "github"
      },
      "original": {
        "owner": "shellRaining",
        "repo": "hlchunk.nvim",
        "type": "github"
      }
    },
    "plugin-snipe-nvim": {
      "flake": false,
      "locked": {
        "lastModified": 1740838551,
        "narHash": "sha256-KbZuHll6VFcdSAC9fBLVfTnympKveDaiSoxZOt3GMJQ=",
        "owner": "leath-dub",
        "repo": "snipe.nvim",
        "rev": "f43a1f0090de03d48ce5c55df630c1aa4d0b4291",
        "type": "github"
      },
      "original": {
        "owner": "leath-dub",
        "repo": "snipe.nvim",
        "type": "github"
      }
    },
    "plugin-suda-vim": {
      "flake": false,
      "locked": {
        "lastModified": 1733630017,
        "narHash": "sha256-46sy3rAdOCULVt1RkIoGdweoV3MqQaB33Et9MrxI6Lk=",
        "owner": "lambdalisue",
        "repo": "vim-suda",
        "rev": "9adda7d195222d4e2854efb2a88005a120296c47",
        "type": "github"
      },
      "original": {
        "owner": "lambdalisue",
        "repo": "vim-suda",
        "type": "github"
      }
    },
    "plugin-visual-surround-nvim": {
      "flake": false,
      "locked": {
        "lastModified": 1739394294,
        "narHash": "sha256-Q+dLcu50p5e3UNeV3VIcwlML2t4O/87JpPhAM6aaVqI=",
        "owner": "NStefan002",
        "repo": "visual-surround.nvim",
        "rev": "48288830c085f744bf8f5de818d23966245587c8",
        "type": "github"
      },
      "original": {
        "owner": "NStefan002",
        "repo": "visual-surround.nvim",
        "type": "github"
      }
    },
    "pre-commit-hooks": {
      "inputs": {
        "flake-compat": "flake-compat_2",
        "gitignore": "gitignore",
        "nixpkgs": [
          "nixpkgs"
        ]
      },
      "locked": {
        "lastModified": 1747372754,
        "narHash": "sha256-2Y53NGIX2vxfie1rOW0Qb86vjRZ7ngizoo+bnXU9D9k=",
        "owner": "cachix",
        "repo": "pre-commit-hooks.nix",
        "rev": "80479b6ec16fefd9c1db3ea13aeb038c60530f46",
        "type": "github"
      },
      "original": {
        "owner": "cachix",
        "repo": "pre-commit-hooks.nix",
        "type": "github"
      }
    },
    "raspberry-pi-nix": {
      "inputs": {
        "libcamera-src": "libcamera-src",
        "libpisp-src": "libpisp-src",
        "nixpkgs": "nixpkgs_2",
        "rpi-bluez-firmware-src": "rpi-bluez-firmware-src",
        "rpi-firmware-nonfree-src": "rpi-firmware-nonfree-src",
        "rpi-firmware-src": "rpi-firmware-src",
        "rpi-linux-6_12_17-src": "rpi-linux-6_12_17-src",
        "rpi-linux-6_6_78-src": "rpi-linux-6_6_78-src",
        "rpi-linux-stable-src": "rpi-linux-stable-src",
        "rpicam-apps-src": "rpicam-apps-src"
      },
      "locked": {
        "lastModified": 1742223591,
        "narHash": "sha256-ZNTz8r5jlJ1jvpqf5+aUYgpnYJSVX0iP14doOc1Hm0E=",
        "owner": "nix-community",
        "repo": "raspberry-pi-nix",
        "rev": "3e8100d5e976a6a2be363015cb33463af9ef441a",
        "type": "github"
      },
      "original": {
        "owner": "nix-community",
        "repo": "raspberry-pi-nix",
        "type": "github"
      }
    },
    "root": {
      "inputs": {
        "darwin": "darwin",
        "disko": "disko",
        "firefox": "firefox",
        "home-manager": "home-manager",
        "homebrew-bundle": "homebrew-bundle",
        "homebrew-cask": "homebrew-cask",
        "homebrew-core": "homebrew-core",
        "homebrew-services": "homebrew-services",
        "homebrew-vijay": "homebrew-vijay",
        "nix-homebrew": "nix-homebrew",
        "nix-index-database": "nix-index-database",
        "nixpkgs": "nixpkgs",
        "nvim": "nvim",
        "pre-commit-hooks": "pre-commit-hooks",
        "raspberry-pi-nix": "raspberry-pi-nix",
        "sops-nix": "sops-nix",
        "talhelper": "talhelper"
      }
    },
    "rpi-bluez-firmware-src": {
      "flake": false,
      "locked": {
        "lastModified": 1708969706,
        "narHash": "sha256-KakKnOBeWxh0exu44beZ7cbr5ni4RA9vkWYb9sGMb8Q=",
        "owner": "RPi-Distro",
        "repo": "bluez-firmware",
        "rev": "78d6a07730e2d20c035899521ab67726dc028e1c",
        "type": "github"
      },
      "original": {
        "owner": "RPi-Distro",
        "ref": "bookworm",
        "repo": "bluez-firmware",
        "type": "github"
      }
    },
    "rpi-firmware-nonfree-src": {
      "flake": false,
      "locked": {
        "lastModified": 1723266537,
        "narHash": "sha256-T7eTKXqY9cxEMdab8Snda4CEOrEihy5uOhA6Fy+Mhnw=",
        "owner": "RPi-Distro",
        "repo": "firmware-nonfree",
        "rev": "4b356e134e8333d073bd3802d767a825adec3807",
        "type": "github"
      },
      "original": {
        "owner": "RPi-Distro",
        "ref": "bookworm",
        "repo": "firmware-nonfree",
        "type": "github"
      }
    },
    "rpi-firmware-src": {
      "flake": false,
      "locked": {
        "lastModified": 1728405098,
        "narHash": "sha256-4gnK0KbqFnjBmWia9Jt2gveVWftmHrprpwBqYVqE/k0=",
        "owner": "raspberrypi",
        "repo": "firmware",
        "rev": "7bbb5f80d20a2335066a8781459c9f33e5eebc64",
        "type": "github"
      },
      "original": {
        "owner": "raspberrypi",
        "ref": "1.20241008",
        "repo": "firmware",
        "type": "github"
      }
    },
    "rpi-linux-6_12_17-src": {
      "flake": false,
      "locked": {
        "lastModified": 1740765145,
        "narHash": "sha256-hoCsGc4+RC/2LmxDtswLBL5ZhWlw4vSiL4Vkl39r2MU=",
        "owner": "raspberrypi",
        "repo": "linux",
        "rev": "5985ce32e511f4e8279a841a1b06a8c7d972b386",
        "type": "github"
      },
      "original": {
        "owner": "raspberrypi",
        "ref": "rpi-6.12.y",
        "repo": "linux",
        "type": "github"
      }
    },
    "rpi-linux-6_6_78-src": {
      "flake": false,
      "locked": {
        "lastModified": 1740503700,
        "narHash": "sha256-Y8+ot4Yi3UKwlZK3ap15rZZ16VZDvmeFkD46+6Ku7bE=",
        "owner": "raspberrypi",
        "repo": "linux",
        "rev": "2e071057fded90e789c0101498e45a1778be93fe",
        "type": "github"
      },
      "original": {
        "owner": "raspberrypi",
        "ref": "rpi-6.6.y",
        "repo": "linux",
        "type": "github"
      }
    },
    "rpi-linux-stable-src": {
      "flake": false,
      "locked": {
        "lastModified": 1728403745,
        "narHash": "sha256-phCxkuO+jUGZkfzSrBq6yErQeO2Td+inIGHxctXbD5U=",
        "owner": "raspberrypi",
        "repo": "linux",
        "rev": "5aeecea9f4a45248bcf564dec924965e066a7bfd",
        "type": "github"
      },
      "original": {
        "owner": "raspberrypi",
        "ref": "stable_20241008",
        "repo": "linux",
        "type": "github"
      }
    },
    "rpicam-apps-src": {
      "flake": false,
      "locked": {
        "lastModified": 1727515047,
        "narHash": "sha256-qCYGrcibOeGztxf+sd44lD6VAOGoUNwRqZDdAmcTa/U=",
        "owner": "raspberrypi",
        "repo": "rpicam-apps",
        "rev": "a8ccf9f3cd9df49875dfb834a2b490d41d226031",
        "type": "github"
      },
      "original": {
        "owner": "raspberrypi",
        "ref": "v1.5.2",
        "repo": "rpicam-apps",
        "type": "github"
      }
    },
    "sops-nix": {
      "inputs": {
        "nixpkgs": [
          "nixpkgs"
        ]
      },
      "locked": {
        "lastModified": 1747603214,
        "narHash": "sha256-lAblXm0VwifYCJ/ILPXJwlz0qNY07DDYdLD+9H+Wc8o=",
        "owner": "mic92",
        "repo": "sops-nix",
        "rev": "8d215e1c981be3aa37e47aeabd4e61bb069548fd",
        "type": "github"
      },
      "original": {
        "owner": "mic92",
        "repo": "sops-nix",
        "type": "github"
      }
    },
    "systems": {
      "locked": {
        "lastModified": 1681028828,
        "narHash": "sha256-Vy1rq5AaRuLzOxct8nz4T6wlgyUR7zLU309k9mBC768=",
        "owner": "nix-systems",
        "repo": "default",
        "rev": "da67096a3b9bf56a91d16901293e51ba5b49a27e",
        "type": "github"
      },
      "original": {
        "owner": "nix-systems",
        "repo": "default",
        "type": "github"
      }
    },
    "systems_2": {
      "locked": {
        "lastModified": 1681028828,
        "narHash": "sha256-Vy1rq5AaRuLzOxct8nz4T6wlgyUR7zLU309k9mBC768=",
        "owner": "nix-systems",
        "repo": "default",
        "rev": "da67096a3b9bf56a91d16901293e51ba5b49a27e",
        "type": "github"
      },
      "original": {
        "owner": "nix-systems",
        "repo": "default",
        "type": "github"
      }
    },
    "talhelper": {
      "inputs": {
        "flake-parts": "flake-parts_3",
        "nixpkgs": [
          "nixpkgs"
        ]
      },
      "locked": {
        "lastModified": 1748670215,
        "narHash": "sha256-UJBeuQbgOkVTFcscOIIg8Nz6t+bkPOuLaldBzhWPhg0=",
        "owner": "budimanjojo",
        "repo": "talhelper",
        "rev": "49ea9bbf9ea1e43987d329857564178bdbed94b5",
        "type": "github"
      },
      "original": {
        "owner": "budimanjojo",
        "repo": "talhelper",
        "type": "github"
      }
    }
  },
  "root": "root",
  "version": 7
}
